
Microsoft Visual Studio Solution File, Format Version 12.00
# Visual Studio Version 17
VisualStudioVersion = 17.11.35312.102
MinimumVisualStudioVersion = 10.0.40219.1
Project("{FAE04EC0-301F-11D3-BF4B-00C04F79EFBC}") = "EFCodeFirstDatabaseFinalAssignment", "EFCodeFirstDatabaseFinalAssignment\EFCodeFirstDatabaseFinalAssignment.csproj", "{D19F7746-07DB-4D32-8C32-D2CCE76B7041}"
EndProject
Global
	GlobalSection(SolutionConfigurationPlatforms) = preSolution
		Debug|Any CPU = Debug|Any CPU
		Release|Any CPU = Release|Any CPU
	EndGlobalSection
	GlobalSection(ProjectConfigurationPlatforms) = postSolution
		{D19F7746-07DB-4D32-8C32-D2CCE76B7041}.Debug|Any CPU.ActiveCfg = Debug|Any CPU
		{D19F7746-07DB-4D32-8C32-D2CCE76B7041}.Debug|Any CPU.Build.0 = Debug|Any CPU
		{D19F7746-07DB-4D32-8C32-D2CCE76B7041}.Release|Any CPU.ActiveCfg = Release|Any CPU
		{D19F7746-07DB-4D32-8C32-D2CCE76B7041}.Release|Any CPU.Build.0 = Release|Any CPU
	EndGlobalSection
	GlobalSection(SolutionProperties) = preSolution
		HideSolutionNode = FALSE
	EndGlobalSection
	GlobalSection(ExtensibilityGlobals) = postSolution
		SolutionGuid = {94787588-42AD-4F88-B8A7-0E970C97503A}
	EndGlobalSection
EndGlobal
